
Microsoft Visual Studio Solution File, Format Version 12.00
# Visual Studio 15
VisualStudioVersion = 15.0.27130.2010
MinimumVisualStudioVersion = 10.0.40219.1
Project("{2150E333-8FDC-42A3-9474-1A3956D46DE8}") = "Engine", "Engine", "{74D32926-DBCD-4961-94FC-AFB5BB5E487A}"
EndProject
Project("{2150E333-8FDC-42A3-9474-1A3956D46DE8}") = "Games", "Games", "{31F75D89-2E00-4BD9-AE20-8E18A5062A13}"
EndProject
Project("{8BC9CEB8-8B4A-11D0-8D11-00A0C91BC942}") = "UE4", "Intermediate\ProjectFiles\UE4.vcxproj", "{98F982A6-907D-49CA-99F1-7707F61FB160}"
EndProject
Project("{8BC9CEB8-8B4A-11D0-8D11-00A0C91BC942}") = "BuildingEscape", "Intermediate\ProjectFiles\BuildingEscape.vcxproj", "{28BB3ED4-1841-43C2-978A-C83D23352332}"
EndProject
Global
	GlobalSection(SolutionConfigurationPlatforms) = preSolution
		DebugGame Editor|HTML5 = DebugGame Editor|HTML5
		DebugGame Editor|IOS = DebugGame Editor|IOS
		DebugGame Editor|Win32 = DebugGame Editor|Win32
		DebugGame Editor|Win64 = DebugGame Editor|Win64
		DebugGame|HTML5 = DebugGame|HTML5
		DebugGame|IOS = DebugGame|IOS
		DebugGame|Win32 = DebugGame|Win32
		DebugGame|Win64 = DebugGame|Win64
		Development Editor|HTML5 = Development Editor|HTML5
		Development Editor|IOS = Development Editor|IOS
		Development Editor|Win32 = Development Editor|Win32
		Development Editor|Win64 = Development Editor|Win64
		Development|HTML5 = Development|HTML5
		Development|IOS = Development|IOS
		Development|Win32 = Development|Win32
		Development|Win64 = Development|Win64
		Shipping|HTML5 = Shipping|HTML5
		Shipping|IOS = Shipping|IOS
		Shipping|Win32 = Shipping|Win32
		Shipping|Win64 = Shipping|Win64
	EndGlobalSection
	GlobalSection(ProjectConfigurationPlatforms) = postSolution
		{98F982A6-907D-49CA-99F1-7707F61FB160}.DebugGame Editor|HTML5.ActiveCfg = BuiltWithUnrealBuildTool|Win32
		{98F982A6-907D-49CA-99F1-7707F61FB160}.DebugGame Editor|HTML5.Build.0 = BuiltWithUnrealBuildTool|Win32
		{98F982A6-907D-49CA-99F1-7707F61FB160}.DebugGame Editor|IOS.ActiveCfg = BuiltWithUnrealBuildTool|Win32
		{98F982A6-907D-49CA-99F1-7707F61FB160}.DebugGame Editor|IOS.Build.0 = BuiltWithUnrealBuildTool|Win32
		{98F982A6-907D-49CA-99F1-7707F61FB160}.DebugGame Editor|Win32.ActiveCfg = BuiltWithUnrealBuildTool|Win32
		{98F982A6-907D-49CA-99F1-7707F61FB160}.DebugGame Editor|Win32.Build.0 = BuiltWithUnrealBuildTool|Win32
		{98F982A6-907D-49CA-99F1-7707F61FB160}.DebugGame Editor|Win64.ActiveCfg = BuiltWithUnrealBuildTool|Win32
		{98F982A6-907D-49CA-99F1-7707F61FB160}.DebugGame Editor|Win64.Build.0 = BuiltWithUnrealBuildTool|Win32
		{98F982A6-907D-49CA-99F1-7707F61FB160}.DebugGame|HTML5.ActiveCfg = BuiltWithUnrealBuildTool|Win32
		{98F982A6-907D-49CA-99F1-7707F61FB160}.DebugGame|HTML5.Build.0 = BuiltWithUnrealBuildTool|Win32
		{98F982A6-907D-49CA-99F1-7707F61FB160}.DebugGame|IOS.ActiveCfg = BuiltWithUnrealBuildTool|Win32
		{98F982A6-907D-49CA-99F1-7707F61FB160}.DebugGame|IOS.Build.0 = BuiltWithUnrealBuildTool|Win32
		{98F982A6-907D-49CA-99F1-7707F61FB160}.DebugGame|Win32.ActiveCfg = BuiltWithUnrealBuildTool|Win32
		{98F982A6-907D-49CA-99F1-7707F61FB160}.DebugGame|Win32.Build.0 = BuiltWithUnrealBuildTool|Win32
		{98F982A6-907D-49CA-99F1-7707F61FB160}.DebugGame|Win64.ActiveCfg = BuiltWithUnrealBuildTool|Win32
		{98F982A6-907D-49CA-99F1-7707F61FB160}.DebugGame|Win64.Build.0 = BuiltWithUnrealBuildTool|Win32
		{98F982A6-907D-49CA-99F1-7707F61FB160}.Development Editor|HTML5.ActiveCfg = BuiltWithUnrealBuildTool|Win32
		{98F982A6-907D-49CA-99F1-7707F61FB160}.Development Editor|HTML5.Build.0 = BuiltWithUnrealBuildTool|Win32
		{98F982A6-907D-49CA-99F1-7707F61FB160}.Development Editor|IOS.ActiveCfg = BuiltWithUnrealBuildTool|Win32
		{98F982A6-907D-49CA-99F1-7707F61FB160}.Development Editor|IOS.Build.0 = BuiltWithUnrealBuildTool|Win32
		{98F982A6-907D-49CA-99F1-7707F61FB160}.Development Editor|Win32.ActiveCfg = BuiltWithUnrealBuildTool|Win32
		{98F982A6-907D-49CA-99F1-7707F61FB160}.Development Editor|Win32.Build.0 = BuiltWithUnrealBuildTool|Win32
		{98F982A6-907D-49CA-99F1-7707F61FB160}.Development Editor|Win64.ActiveCfg = BuiltWithUnrealBuildTool|Win32
		{98F982A6-907D-49CA-99F1-7707F61FB160}.Development Editor|Win64.Build.0 = BuiltWithUnrealBuildTool|Win32
		{98F982A6-907D-49CA-99F1-7707F61FB160}.Development|HTML5.ActiveCfg = BuiltWithUnrealBuildTool|Win32
		{98F982A6-907D-49CA-99F1-7707F61FB160}.Development|HTML5.Build.0 = BuiltWithUnrealBuildTool|Win32
		{98F982A6-907D-49CA-99F1-7707F61FB160}.Development|IOS.ActiveCfg = BuiltWithUnrealBuildTool|Win32
		{98F982A6-907D-49CA-99F1-7707F61FB160}.Development|IOS.Build.0 = BuiltWithUnrealBuildTool|Win32
		{98F982A6-907D-49CA-99F1-7707F61FB160}.Development|Win32.ActiveCfg = BuiltWithUnrealBuildTool|Win32
		{98F982A6-907D-49CA-99F1-7707F61FB160}.Development|Win32.Build.0 = BuiltWithUnrealBuildTool|Win32
		{98F982A6-907D-49CA-99F1-7707F61FB160}.Development|Win64.ActiveCfg = BuiltWithUnrealBuildTool|Win32
		{98F982A6-907D-49CA-99F1-7707F61FB160}.Development|Win64.Build.0 = BuiltWithUnrealBuildTool|Win32
		{98F982A6-907D-49CA-99F1-7707F61FB160}.Shipping|HTML5.ActiveCfg = BuiltWithUnrealBuildTool|Win32
		{98F982A6-907D-49CA-99F1-7707F61FB160}.Shipping|HTML5.Build.0 = BuiltWithUnrealBuildTool|Win32
		{98F982A6-907D-49CA-99F1-7707F61FB160}.Shipping|IOS.ActiveCfg = BuiltWithUnrealBuildTool|Win32
		{98F982A6-907D-49CA-99F1-7707F61FB160}.Shipping|IOS.Build.0 = BuiltWithUnrealBuildTool|Win32
		{98F982A6-907D-49CA-99F1-7707F61FB160}.Shipping|Win32.ActiveCfg = BuiltWithUnrealBuildTool|Win32
		{98F982A6-907D-49CA-99F1-7707F61FB160}.Shipping|Win32.Build.0 = BuiltWithUnrealBuildTool|Win32
		{98F982A6-907D-49CA-99F1-7707F61FB160}.Shipping|Win64.ActiveCfg = BuiltWithUnrealBuildTool|Win32
		{98F982A6-907D-49CA-99F1-7707F61FB160}.Shipping|Win64.Build.0 = BuiltWithUnrealBuildTool|Win32
		{28BB3ED4-1841-43C2-978A-C83D23352332}.DebugGame Editor|HTML5.ActiveCfg = HTML5_DebugGame_Editor|Win32
		{28BB3ED4-1841-43C2-978A-C83D23352332}.DebugGame Editor|IOS.ActiveCfg = IOS_DebugGame_Editor|Win32
		{28BB3ED4-1841-43C2-978A-C83D23352332}.DebugGame Editor|Win32.ActiveCfg = DebugGame_Editor|Win32
		{28BB3ED4-1841-43C2-978A-C83D23352332}.DebugGame Editor|Win64.ActiveCfg = DebugGame_Editor|x64
		{28BB3ED4-1841-43C2-978A-C83D23352332}.DebugGame Editor|Win64.Build.0 = DebugGame_Editor|x64
		{28BB3ED4-1841-43C2-978A-C83D23352332}.DebugGame|HTML5.ActiveCfg = HTML5_DebugGame_Game|Win32
		{28BB3ED4-1841-43C2-978A-C83D23352332}.DebugGame|HTML5.Build.0 = HTML5_DebugGame_Game|Win32
		{28BB3ED4-1841-43C2-978A-C83D23352332}.DebugGame|IOS.ActiveCfg = IOS_DebugGame_Game|Win32
		{28BB3ED4-1841-43C2-978A-C83D23352332}.DebugGame|IOS.Build.0 = IOS_DebugGame_Game|Win32
		{28BB3ED4-1841-43C2-978A-C83D23352332}.DebugGame|Win32.ActiveCfg = DebugGame_Game|Win32
		{28BB3ED4-1841-43C2-978A-C83D23352332}.DebugGame|Win32.Build.0 = DebugGame_Game|Win32
		{28BB3ED4-1841-43C2-978A-C83D23352332}.DebugGame|Win64.ActiveCfg = DebugGame_Game|x64
		{28BB3ED4-1841-43C2-978A-C83D23352332}.DebugGame|Win64.Build.0 = DebugGame_Game|x64
		{28BB3ED4-1841-43C2-978A-C83D23352332}.Development Editor|HTML5.ActiveCfg = HTML5_Development_Editor|Win32
		{28BB3ED4-1841-43C2-978A-C83D23352332}.Development Editor|IOS.ActiveCfg = IOS_Development_Editor|Win32
		{28BB3ED4-1841-43C2-978A-C83D23352332}.Development Editor|Win32.ActiveCfg = Development_Editor|Win32
		{28BB3ED4-1841-43C2-978A-C83D23352332}.Development Editor|Win64.ActiveCfg = Development_Editor|x64
		{28BB3ED4-1841-43C2-978A-C83D23352332}.Development Editor|Win64.Build.0 = Development_Editor|x64
		{28BB3ED4-1841-43C2-978A-C83D23352332}.Development|HTML5.ActiveCfg = HTML5_Development_Game|Win32
		{28BB3ED4-1841-43C2-978A-C83D23352332}.Development|HTML5.Build.0 = HTML5_Development_Game|Win32
		{28BB3ED4-1841-43C2-978A-C83D23352332}.Development|IOS.ActiveCfg = IOS_Development_Game|Win32
		{28BB3ED4-1841-43C2-978A-C83D23352332}.Development|IOS.Build.0 = IOS_Development_Game|Win32
		{28BB3ED4-1841-43C2-978A-C83D23352332}.Development|Win32.ActiveCfg = Development_Game|Win32
		{28BB3ED4-1841-43C2-978A-C83D23352332}.Development|Win32.Build.0 = Development_Game|Win32
		{28BB3ED4-1841-43C2-978A-C83D23352332}.Development|Win64.ActiveCfg = Development_Game|x64
		{28BB3ED4-1841-43C2-978A-C83D23352332}.Development|Win64.Build.0 = Development_Game|x64
		{28BB3ED4-1841-43C2-978A-C83D23352332}.Shipping|HTML5.ActiveCfg = HTML5_Shipping_Game|Win32
		{28BB3ED4-1841-43C2-978A-C83D23352332}.Shipping|HTML5.Build.0 = HTML5_Shipping_Game|Win32
		{28BB3ED4-1841-43C2-978A-C83D23352332}.Shipping|IOS.ActiveCfg = IOS_Shipping_Game|Win32
		{28BB3ED4-1841-43C2-978A-C83D23352332}.Shipping|IOS.Build.0 = IOS_Shipping_Game|Win32
		{28BB3ED4-1841-43C2-978A-C83D23352332}.Shipping|Win32.ActiveCfg = Shipping_Game|Win32
		{28BB3ED4-1841-43C2-978A-C83D23352332}.Shipping|Win32.Build.0 = Shipping_Game|Win32
		{28BB3ED4-1841-43C2-978A-C83D23352332}.Shipping|Win64.ActiveCfg = Shipping_Game|x64
		{28BB3ED4-1841-43C2-978A-C83D23352332}.Shipping|Win64.Build.0 = Shipping_Game|x64
	EndGlobalSection
	GlobalSection(SolutionProperties) = preSolution
		HideSolutionNode = FALSE
	EndGlobalSection
	GlobalSection(NestedProjects) = preSolution
		{98F982A6-907D-49CA-99F1-7707F61FB160} = {74D32926-DBCD-4961-94FC-AFB5BB5E487A}
		{28BB3ED4-1841-43C2-978A-C83D23352332} = {31F75D89-2E00-4BD9-AE20-8E18A5062A13}
	EndGlobalSection
	GlobalSection(ExtensibilityGlobals) = postSolution
		SolutionGuid = {1D02B3BB-A112-434D-94B4-652ABECCAFD1}
	EndGlobalSection
EndGlobal
